<?xml version="1.0" encoding="utf-8"?>
<Project ToolsVersion="4.0" xmlns="http://schemas.microsoft.com/developer/msbuild/2003">
  <ItemGroup>
    <Filter Include="src">
      <UniqueIdentifier>{569bccd5-e26b-48dc-9770-8123b035a4a0}</UniqueIdentifier>
    </Filter>
    <Filter Include="include">
      <UniqueIdentifier>{18a8e190-8b32-4096-9ec1-80cfc60d8b20}</UniqueIdentifier>
    </Filter>
  </ItemGroup>
  <ItemGroup>
    <ClInclude Include="SocketImpl.hpp">
      <Filter>include</Filter>
    </ClInclude>
    <ClInclude Include="Win32\SocketImpl.hpp">
      <Filter>include</Filter>
    </ClInclude>
    <ClInclude Include="..\..\..\include\SFML\Config.hpp">
      <Filter>include</Filter>
    </ClInclude>
    <ClInclude Include="..\..\..\include\SFML\Network.hpp">
      <Filter>include</Filter>
    </ClInclude>
    <ClInclude Include="..\..\..\include\SFML\Network\Export.hpp">
      <Filter>include</Filter>
    </ClInclude>
    <ClInclude Include="..\..\..\include\SFML\Network\Ftp.hpp">
      <Filter>include</Filter>
    </ClInclude>
    <ClInclude Include="..\..\..\include\SFML\Network\Http.hpp">
      <Filter>include</Filter>
    </ClInclude>
    <ClInclude Include="..\..\..\include\SFML\Network\IpAddress.hpp">
      <Filter>include</Filter>
    </ClInclude>
    <ClInclude Include="..\..\..\include\SFML\Network\Packet.hpp">
      <Filter>include</Filter>
    </ClInclude>
    <ClInclude Include="..\..\..\include\SFML\Network\Socket.hpp">
      <Filter>include</Filter>
    </ClInclude>
    <ClInclude Include="..\..\..\include\SFML\Network\SocketHandle.hpp">
      <Filter>include</Filter>
    </ClInclude>
    <ClInclude Include="..\..\..\include\SFML\Network\SocketSelector.hpp">
      <Filter>include</Filter>
    </ClInclude>
    <ClInclude Include="..\..\..\include\SFML\Network\TcpListener.hpp">
      <Filter>include</Filter>
    </ClInclude>
    <ClInclude Include="..\..\..\include\SFML\Network\TcpSocket.hpp">
      <Filter>include</Filter>
    </ClInclude>
    <ClInclude Include="..\..\..\include\SFML\Network\UdpSocket.hpp">
      <Filter>include</Filter>
    </ClInclude>
  </ItemGroup>
  <ItemGroup>
    <ClCompile Include="Ftp.cpp">
      <Filter>src</Filter>
    </ClCompile>
    <ClCompile Include="Http.cpp">
      <Filter>src</Filter>
    </ClCompile>
    <ClCompile Include="IpAddress.cpp">
      <Filter>src</Filter>
    </ClCompile>
    <ClCompile Include="Packet.cpp">
      <Filter>src</Filter>
    </ClCompile>
    <ClCompile Include="Socket.cpp">
      <Filter>src</Filter>
    </ClCompile>
    <ClCompile Include="SocketSelector.cpp">
      <Filter>src</Filter>
    </ClCompile>
    <ClCompile Include="TcpListener.cpp">
      <Filter>src</Filter>
    </ClCompile>
    <ClCompile Include="TcpSocket.cpp">
      <Filter>src</Filter>
    </ClCompile>
    <ClCompile Include="UdpSocket.cpp">
      <Filter>src</Filter>
    </ClCompile>
    <ClCompile Include="Win32\SocketImpl.cpp">
      <Filter>src</Filter>
    </ClCompile>
  </ItemGroup>
</Project>