<?xml version="1.0" encoding="utf-8"?>
<Project ToolsVersion="4.0" xmlns="http://schemas.microsoft.com/developer/msbuild/2003">
  <ItemGroup>
    <Filter Include="Source Files">
      <UniqueIdentifier>{ec8833da-f1d5-40a3-a8c3-155b59bcab73}</UniqueIdentifier>
      <Extensions>cpp</Extensions>
    </Filter>
    <Filter Include="Header Files">
      <UniqueIdentifier>{54980b4c-abfb-4bed-897c-d0262fcb364c}</UniqueIdentifier>
      <Extensions>h</Extensions>
    </Filter>
    <Filter Include="Resources Files">
      <UniqueIdentifier>{4aacf916-3dca-425c-96f2-ee7e4990b2b2}</UniqueIdentifier>
      <Extensions>ico;rc</Extensions>
    </Filter>
  </ItemGroup>
  <ItemGroup>
    <ClCompile Include="src\main.cpp">
      <Filter>Source Files</Filter>
    </ClCompile>
    <ClCompile Include="FlockingAgentFactory.cpp">
      <Filter>Source Files</Filter>
    </ClCompile>
    <ClCompile Include="FlockingAgent.cpp">
      <Filter>Source Files</Filter>
    </ClCompile>
    <ClCompile Include="App.cpp">
      <Filter>Source Files</Filter>
    </ClCompile>
    <ClCompile Include="Scene.cpp">
      <Filter>Source Files</Filter>
    </ClCompile>
    <ClCompile Include="Debug.cpp">
      <Filter>Source Files</Filter>
    </ClCompile>
    <ClCompile Include="Obstacle.cpp">
      <Filter>Source Files</Filter>
    </ClCompile>
    <ClCompile Include="ObstacleFactory.cpp">
      <Filter>Source Files</Filter>
    </ClCompile>
    <ClCompile Include="Config.cpp">
      <Filter>Source Files</Filter>
    </ClCompile>
    <ClCompile Include="CJsonSerializer.cpp">
      <Filter>Source Files</Filter>
    </ClCompile>
    <ClCompile Include="Heatmap.cpp">
      <Filter>Source Files</Filter>
    </ClCompile>
  </ItemGroup>
  <ItemGroup>
    <ClInclude Include="Range.hpp">
      <Filter>Header Files</Filter>
    </ClInclude>
    <ClInclude Include="Macros.hpp">
      <Filter>Header Files</Filter>
    </ClInclude>
    <ClInclude Include="FlockingAgentSpecification.hpp">
      <Filter>Header Files</Filter>
    </ClInclude>
    <ClInclude Include="FlockingAgent.hpp">
      <Filter>Header Files</Filter>
    </ClInclude>
    <ClInclude Include="FlockingAgentFactory.hpp">
      <Filter>Header Files</Filter>
    </ClInclude>
    <ClInclude Include="App.hpp">
      <Filter>Header Files</Filter>
    </ClInclude>
    <ClInclude Include="Scene.hpp">
      <Filter>Header Files</Filter>
    </ClInclude>
    <ClInclude Include="Debug.hpp">
      <Filter>Header Files</Filter>
    </ClInclude>
    <ClInclude Include="Obstacle.hpp">
      <Filter>Header Files</Filter>
    </ClInclude>
    <ClInclude Include="ObstacleFactory.hpp">
      <Filter>Header Files</Filter>
    </ClInclude>
    <ClInclude Include="packetformat.h">
      <Filter>Header Files</Filter>
    </ClInclude>
    <ClInclude Include="AgentCallbackListener.hpp">
      <Filter>Header Files</Filter>
    </ClInclude>
    <ClInclude Include="Config.hpp">
      <Filter>Header Files</Filter>
    </ClInclude>
    <ClInclude Include="IJsonSerializable.hpp">
      <Filter>Header Files</Filter>
    </ClInclude>
    <ClInclude Include="CJsonSerializer.hpp">
      <Filter>Header Files</Filter>
    </ClInclude>
    <ClInclude Include="Heatmap.hpp">
      <Filter>Header Files</Filter>
    </ClInclude>
  </ItemGroup>
</Project>